
Microsoft Visual Studio Solution File, Format Version 12.00
# Visual Studio Version 17
VisualStudioVersion = 17.11.35222.181
MinimumVisualStudioVersion = 10.0.40219.1
Project("{FAE04EC0-301F-11D3-BF4B-00C04F79EFBC}") = "C#_MVC_S02_Demo02", "C#_MVC_S02_Demo02\C#_MVC_S02_Demo02.csproj", "{2332F687-FEFF-45CE-AB8E-8BD5F995297B}"
EndProject
Global
	GlobalSection(SolutionConfigurationPlatforms) = preSolution
		Debug|Any CPU = Debug|Any CPU
		Release|Any CPU = Release|Any CPU
	EndGlobalSection
	GlobalSection(ProjectConfigurationPlatforms) = postSolution
		{2332F687-FEFF-45CE-AB8E-8BD5F995297B}.Debug|Any CPU.ActiveCfg = Debug|Any CPU
		{2332F687-FEFF-45CE-AB8E-8BD5F995297B}.Debug|Any CPU.Build.0 = Debug|Any CPU
		{2332F687-FEFF-45CE-AB8E-8BD5F995297B}.Release|Any CPU.ActiveCfg = Release|Any CPU
		{2332F687-FEFF-45CE-AB8E-8BD5F995297B}.Release|Any CPU.Build.0 = Release|Any CPU
	EndGlobalSection
	GlobalSection(SolutionProperties) = preSolution
		HideSolutionNode = FALSE
	EndGlobalSection
	GlobalSection(ExtensibilityGlobals) = postSolution
		SolutionGuid = {7A5BE51E-EE8C-4F9F-ACA8-F85DF627E350}
	EndGlobalSection
EndGlobal
